// !$*UTF8*$!
{
	archiveVersion = 1;
	classes = {
	};
	objectVersion = 77;
	objects = {

/* Begin PBXContainerItemProxy section */
		C7DC67EC2E0818FA00F15BF6 /* PBXContainerItemProxy */ = {
			isa = PBXContainerItemProxy;
			containerPortal = C7DC67D32E0818F800F15BF6 /* Project object */;
			proxyType = 1;
			remoteGlobalIDString = C7DC67DA2E0818F800F15BF6;
			remoteInfo = "Rediz Application";
		};
		C7DC67F62E0818FA00F15BF6 /* PBXContainerItemProxy */ = {
			isa = PBXContainerItemProxy;
			containerPortal = C7DC67D32E0818F800F15BF6 /* Project object */;
			proxyType = 1;
			remoteGlobalIDString = C7DC67DA2E0818F800F15BF6;
			remoteInfo = "Rediz Application";
		};
/* End PBXContainerItemProxy section */

/* Begin PBXFileReference section */
		C7DC67DB2E0818F800F15BF6 /* Rediz Application.app */ = {isa = PBXFileReference; explicitFileType = wrapper.application; includeInIndex = 0; path = "Rediz Application.app"; sourceTree = BUILT_PRODUCTS_DIR; };
		C7DC67EB2E0818FA00F15BF6 /* Rediz ApplicationTests.xctest */ = {isa = PBXFileReference; explicitFileType = wrapper.cfbundle; includeInIndex = 0; path = "Rediz ApplicationTests.xctest"; sourceTree = BUILT_PRODUCTS_DIR; };
		C7DC67F52E0818FA00F15BF6 /* Rediz ApplicationUITests.xctest */ = {isa = PBXFileReference; explicitFileType = wrapper.cfbundle; includeInIndex = 0; path = "Rediz ApplicationUITests.xctest"; sourceTree = BUILT_PRODUCTS_DIR; };
/* End PBXFileReference section */

/* Begin PBXFileSystemSynchronizedRootGroup section */
		C7DC67DD2E0818F800F15BF6 /* Rediz Application */ = {
			isa = PBXFileSystemSynchronizedRootGroup;
			path = "Rediz Application";
			sourceTree = "<group>";
		};
		C7DC67EE2E0818FA00F15BF6 /* Rediz ApplicationTests */ = {
			isa = PBXFileSystemSynchronizedRootGroup;
			path = "Rediz ApplicationTests";
			sourceTree = "<group>";
		};
		C7DC67F82E0818FA00F15BF6 /* Rediz ApplicationUITests */ = {
			isa = PBXFileSystemSynchronizedRootGroup;
			path = "Rediz ApplicationUITests";
			sourceTree = "<group>";
		};
/* End PBXFileSystemSynchronizedRootGroup section */

/* Begin PBXFrameworksBuildPhase section */
		C7DC67D82E0818F800F15BF6 /* Frameworks */ = {
			isa = PBXFrameworksBuildPhase;
			buildActionMask = 2147483647;
			files = (
			);
			runOnlyForDeploymentPostprocessing = 0;
		};
		C7DC67E82E0818FA00F15BF6 /* Frameworks */ = {
			isa = PBXFrameworksBuildPhase;
			buildActionMask = 2147483647;
			files = (
			);
			runOnlyForDeploymentPostprocessing = 0;
		};
		C7DC67F22E0818FA00F15BF6 /* Frameworks */ = {
			isa = PBXFrameworksBuildPhase;
			buildActionMask = 2147483647;
			files = (
			);
			runOnlyForDeploymentPostprocessing = 0;
		};
/* End PBXFrameworksBuildPhase section */

/* Begin PBXGroup section */
		C7DC67D22E0818F800F15BF6 = {
			isa = PBXGroup;
			children = (
				C7DC67DD2E0818F800F15BF6 /* Rediz Application */,
				C7DC67EE2E0818FA00F15BF6 /* Rediz ApplicationTests */,
				C7DC67F82E0818FA00F15BF6 /* Rediz ApplicationUITests */,
				C7DC67DC2E0818F800F15BF6 /* Products */,
			);
			sourceTree = "<group>";
		};
		C7DC67DC2E0818F800F15BF6 /* Products */ = {
			isa = PBXGroup;
			children = (
				C7DC67DB2E0818F800F15BF6 /* Rediz Application.app */,
				C7DC67EB2E0818FA00F15BF6 /* Rediz ApplicationTests.xctest */,
				C7DC67F52E0818FA00F15BF6 /* Rediz ApplicationUITests.xctest */,
			);
			name = Products;
			sourceTree = "<group>";
		};
/* End PBXGroup section */

/* Begin PBXNativeTarget section */
		C7DC67DA2E0818F800F15BF6 /* Rediz Application */ = {
			isa = PBXNativeTarget;
			buildConfigurationList = C7DC67FF2E0818FA00F15BF6 /* Build configuration list for PBXNativeTarget "Rediz Application" */;
			buildPhases = (
				C7DC67D72E0818F800F15BF6 /* Sources */,
				C7DC67D82E0818F800F15BF6 /* Frameworks */,
				C7DC67D92E0818F800F15BF6 /* Resources */,
			);
			buildRules = (
			);
			dependencies = (
			);
			fileSystemSynchronizedGroups = (
				C7DC67DD2E0818F800F15BF6 /* Rediz Application */,
			);
			name = "Rediz Application";
			packageProductDependencies = (
			);
			productName = "Rediz Application";
			productReference = C7DC67DB2E0818F800F15BF6 /* Rediz Application.app */;
			productType = "com.apple.product-type.application";
		};
		C7DC67EA2E0818FA00F15BF6 /* Rediz ApplicationTests */ = {
			isa = PBXNativeTarget;
			buildConfigurationList = C7DC68022E0818FA00F15BF6 /* Build configuration list for PBXNativeTarget "Rediz ApplicationTests" */;
			buildPhases = (
				C7DC67E72E0818FA00F15BF6 /* Sources */,
				C7DC67E82E0818FA00F15BF6 /* Frameworks */,
				C7DC67E92E0818FA00F15BF6 /* Resources */,
			);
			buildRules = (
			);
			dependencies = (
				C7DC67ED2E0818FA00F15BF6 /* PBXTargetDependency */,
			);
			fileSystemSynchronizedGroups = (
				C7DC67EE2E0818FA00F15BF6 /* Rediz ApplicationTests */,
			);
			name = "Rediz ApplicationTests";
			packageProductDependencies = (
			);
			productName = "Rediz ApplicationTests";
			productReference = C7DC67EB2E0818FA00F15BF6 /* Rediz ApplicationTests.xctest */;
			productType = "com.apple.product-type.bundle.unit-test";
		};
		C7DC67F42E0818FA00F15BF6 /* Rediz ApplicationUITests */ = {
			isa = PBXNativeTarget;
			buildConfigurationList = C7DC68052E0818FA00F15BF6 /* Build configuration list for PBXNativeTarget "Rediz ApplicationUITests" */;
			buildPhases = (
				C7DC67F12E0818FA00F15BF6 /* Sources */,
				C7DC67F22E0818FA00F15BF6 /* Frameworks */,
				C7DC67F32E0818FA00F15BF6 /* Resources */,
			);
			buildRules = (
			);
			dependencies = (
				C7DC67F72E0818FA00F15BF6 /* PBXTargetDependency */,
			);
			fileSystemSynchronizedGroups = (
				C7DC67F82E0818FA00F15BF6 /* Rediz ApplicationUITests */,
			);
			name = "Rediz ApplicationUITests";
			packageProductDependencies = (
			);
			productName = "Rediz ApplicationUITests";
			productReference = C7DC67F52E0818FA00F15BF6 /* Rediz ApplicationUITests.xctest */;
			productType = "com.apple.product-type.bundle.ui-testing";
		};
/* End PBXNativeTarget section */

/* Begin PBXProject section */
		C7DC67D32E0818F800F15BF6 /* Project object */ = {
			isa = PBXProject;
			attributes = {
				BuildIndependentTargetsInParallel = 1;
				LastSwiftUpdateCheck = 1620;
				LastUpgradeCheck = 1620;
				TargetAttributes = {
					C7DC67DA2E0818F800F15BF6 = {
						CreatedOnToolsVersion = 16.2;
					};
					C7DC67EA2E0818FA00F15BF6 = {
						CreatedOnToolsVersion = 16.2;
						TestTargetID = C7DC67DA2E0818F800F15BF6;
					};
					C7DC67F42E0818FA00F15BF6 = {
						CreatedOnToolsVersion = 16.2;
						TestTargetID = C7DC67DA2E0818F800F15BF6;
					};
				};
			};
			buildConfigurationList = C7DC67D62E0818F800F15BF6 /* Build configuration list for PBXProject "Rediz Application" */;
			developmentRegion = en;
			hasScannedForEncodings = 0;
			knownRegions = (
				en,
				Base,
			);
			mainGroup = C7DC67D22E0818F800F15BF6;
			minimizedProjectReferenceProxies = 1;
			preferredProjectObjectVersion = 77;
			productRefGroup = C7DC67DC2E0818F800F15BF6 /* Products */;
			projectDirPath = "";
			projectRoot = "";
			targets = (
				C7DC67DA2E0818F800F15BF6 /* Rediz Application */,
				C7DC67EA2E0818FA00F15BF6 /* Rediz ApplicationTests */,
				C7DC67F42E0818FA00F15BF6 /* Rediz ApplicationUITests */,
			);
		};
/* End PBXProject section */

/* Begin PBXResourcesBuildPhase section */
		C7DC67D92E0818F800F15BF6 /* Resources */ = {
			isa = PBXResourcesBuildPhase;
			buildActionMask = 2147483647;
			files = (
			);
			runOnlyForDeploymentPostprocessing = 0;
		};
		C7DC67E92E0818FA00F15BF6 /* Resources */ = {
			isa = PBXResourcesBuildPhase;
			buildActionMask = 2147483647;
			files = (
			);
			runOnlyForDeploymentPostprocessing = 0;
		};
		C7DC67F32E0818FA00F15BF6 /* Resources */ = {
			isa = PBXResourcesBuildPhase;
			buildActionMask = 2147483647;
			files = (
			);
			runOnlyForDeploymentPostprocessing = 0;
		};
/* End PBXResourcesBuildPhase section */

/* Begin PBXSourcesBuildPhase section */
		C7DC67D72E0818F800F15BF6 /* Sources */ = {
			isa = PBXSourcesBuildPhase;
			buildActionMask = 2147483647;
			files = (
			);
			runOnlyForDeploymentPostprocessing = 0;
		};
		C7DC67E72E0818FA00F15BF6 /* Sources */ = {
			isa = PBXSourcesBuildPhase;
			buildActionMask = 2147483647;
			files = (
			);
			runOnlyForDeploymentPostprocessing = 0;
		};
		C7DC67F12E0818FA00F15BF6 /* Sources */ = {
			isa = PBXSourcesBuildPhase;
			buildActionMask = 2147483647;
			files = (
			);
			runOnlyForDeploymentPostprocessing = 0;
		};
/* End PBXSourcesBuildPhase section */

/* Begin PBXTargetDependency section */
		C7DC67ED2E0818FA00F15BF6 /* PBXTargetDependency */ = {
			isa = PBXTargetDependency;
			target = C7DC67DA2E0818F800F15BF6 /* Rediz Application */;
			targetProxy = C7DC67EC2E0818FA00F15BF6 /* PBXContainerItemProxy */;
		};
		C7DC67F72E0818FA00F15BF6 /* PBXTargetDependency */ = {
			isa = PBXTargetDependency;
			target = C7DC67DA2E0818F800F15BF6 /* Rediz Application */;
			targetProxy = C7DC67F62E0818FA00F15BF6 /* PBXContainerItemProxy */;
		};
/* End PBXTargetDependency section */

/* Begin XCBuildConfiguration section */
		C7DC67FD2E0818FA00F15BF6 /* Debug */ = {
			isa = XCBuildConfiguration;
			buildSettings = {
				ALWAYS_SEARCH_USER_PATHS = NO;
				ASSETCATALOG_COMPILER_GENERATE_SWIFT_ASSET_SYMBOL_EXTENSIONS = YES;
				CLANG_ANALYZER_NONNULL = YES;
				CLANG_ANALYZER_NUMBER_OBJECT_CONVERSION = YES_AGGRESSIVE;
				CLANG_CXX_LANGUAGE_STANDARD = "gnu++20";
				CLANG_ENABLE_MODULES = YES;
				CLANG_ENABLE_OBJC_ARC = YES;
				CLANG_ENABLE_OBJC_WEAK = YES;
				CLANG_WARN_BLOCK_CAPTURE_AUTORELEASING = YES;
				CLANG_WARN_BOOL_CONVERSION = YES;
				CLANG_WARN_COMMA = YES;
				CLANG_WARN_CONSTANT_CONVERSION = YES;
				CLANG_WARN_DEPRECATED_OBJC_IMPLEMENTATIONS = YES;
				CLANG_WARN_DIRECT_OBJC_ISA_USAGE = YES_ERROR;
				CLANG_WARN_DOCUMENTATION_COMMENTS = YES;
				CLANG_WARN_EMPTY_BODY = YES;
				CLANG_WARN_ENUM_CONVERSION = YES;
				CLANG_WARN_INFINITE_RECURSION = YES;
				CLANG_WARN_INT_CONVERSION = YES;
				CLANG_WARN_NON_LITERAL_NULL_CONVERSION = YES;
				CLANG_WARN_OBJC_IMPLICIT_RETAIN_SELF = YES;
				CLANG_WARN_OBJC_LITERAL_CONVERSION = YES;
				CLANG_WARN_OBJC_ROOT_CLASS = YES_ERROR;
				CLANG_WARN_QUOTED_INCLUDE_IN_FRAMEWORK_HEADER = YES;
				CLANG_WARN_RANGE_LOOP_ANALYSIS = YES;
				CLANG_WARN_STRICT_PROTOTYPES = YES;
				CLANG_WARN_SUSPICIOUS_MOVE = YES;
				CLANG_WARN_UNGUARDED_AVAILABILITY = YES_AGGRESSIVE;
				CLANG_WARN_UNREACHABLE_CODE = YES;
				CLANG_WARN__DUPLICATE_METHOD_MATCH = YES;
				COPY_PHASE_STRIP = NO;
				DEBUG_INFORMATION_FORMAT = dwarf;
				ENABLE_STRICT_OBJC_MSGSEND = YES;
				ENABLE_TESTABILITY = YES;
				ENABLE_USER_SCRIPT_SANDBOXING = YES;
				GCC_C_LANGUAGE_STANDARD = gnu17;
				GCC_DYNAMIC_NO_PIC = NO;
				GCC_NO_COMMON_BLOCKS = YES;
				GCC_OPTIMIZATION_LEVEL = 0;
				GCC_PREPROCESSOR_DEFINITIONS = (
					"DEBUG=1",
					"$(inherited)",
				);
				GCC_WARN_64_TO_32_BIT_CONVERSION = YES;
				GCC_WARN_ABOUT_RETURN_TYPE = YES_ERROR;
				GCC_WARN_UNDECLARED_SELECTOR = YES;
				GCC_WARN_UNINITIALIZED_AUTOS = YES_AGGRESSIVE;
				GCC_WARN_UNUSED_FUNCTION = YES;
				GCC_WARN_UNUSED_VARIABLE = YES;
				IPHONEOS_DEPLOYMENT_TARGET = 18.2;
				LOCALIZATION_PREFERS_STRING_CATALOGS = YES;
				MTL_ENABLE_DEBUG_INFO = INCLUDE_SOURCE;
				MTL_FAST_MATH = YES;
				ONLY_ACTIVE_ARCH = YES;
				SDKROOT = iphoneos;
				SWIFT_ACTIVE_COMPILATION_CONDITIONS = "DEBUG $(inherited)";
				SWIFT_OPTIMIZATION_LEVEL = "-Onone";
			};
			name = Debug;
		};
		C7DC67FE2E0818FA00F15BF6 /* Release */ = {
			isa = XCBuildConfiguration;
			buildSettings = {
				ALWAYS_SEARCH_USER_PATHS = NO;
				ASSETCATALOG_COMPILER_GENERATE_SWIFT_ASSET_SYMBOL_EXTENSIONS = YES;
				CLANG_ANALYZER_NONNULL = YES;
				CLANG_ANALYZER_NUMBER_OBJECT_CONVERSION = YES_AGGRESSIVE;
				CLANG_CXX_LANGUAGE_STANDARD = "gnu++20";
				CLANG_ENABLE_MODULES = YES;
				CLANG_ENABLE_OBJC_ARC = YES;
				CLANG_ENABLE_OBJC_WEAK = YES;
				CLANG_WARN_BLOCK_CAPTURE_AUTORELEASING = YES;
				CLANG_WARN_BOOL_CONVERSION = YES;
				CLANG_WARN_COMMA = YES;
				CLANG_WARN_CONSTANT_CONVERSION = YES;
				CLANG_WARN_DEPRECATED_OBJC_IMPLEMENTATIONS = YES;
				CLANG_WARN_DIRECT_OBJC_ISA_USAGE = YES_ERROR;
				CLANG_WARN_DOCUMENTATION_COMMENTS = YES;
				CLANG_WARN_EMPTY_BODY = YES;
				CLANG_WARN_ENUM_CONVERSION = YES;
				CLANG_WARN_INFINITE_RECURSION = YES;
				CLANG_WARN_INT_CONVERSION = YES;
				CLANG_WARN_NON_LITERAL_NULL_CONVERSION = YES;
				CLANG_WARN_OBJC_IMPLICIT_RETAIN_SELF = YES;
				CLANG_WARN_OBJC_LITERAL_CONVERSION = YES;
				CLANG_WARN_OBJC_ROOT_CLASS = YES_ERROR;
				CLANG_WARN_QUOTED_INCLUDE_IN_FRAMEWORK_HEADER = YES;
				CLANG_WARN_RANGE_LOOP_ANALYSIS = YES;
				CLANG_WARN_STRICT_PROTOTYPES = YES;
				CLANG_WARN_SUSPICIOUS_MOVE = YES;
				CLANG_WARN_UNGUARDED_AVAILABILITY = YES_AGGRESSIVE;
				CLANG_WARN_UNREACHABLE_CODE = YES;
				CLANG_WARN__DUPLICATE_METHOD_MATCH = YES;
				COPY_PHASE_STRIP = NO;
				DEBUG_INFORMATION_FORMAT = "dwarf-with-dsym";
				ENABLE_NS_ASSERTIONS = NO;
				ENABLE_STRICT_OBJC_MSGSEND = YES;
				ENABLE_USER_SCRIPT_SANDBOXING = YES;
				GCC_C_LANGUAGE_STANDARD = gnu17;
				GCC_NO_COMMON_BLOCKS = YES;
				GCC_WARN_64_TO_32_BIT_CONVERSION = YES;
				GCC_WARN_ABOUT_RETURN_TYPE = YES_ERROR;
				GCC_WARN_UNDECLARED_SELECTOR = YES;
				GCC_WARN_UNINITIALIZED_AUTOS = YES_AGGRESSIVE;
				GCC_WARN_UNUSED_FUNCTION = YES;
				GCC_WARN_UNUSED_VARIABLE = YES;
				IPHONEOS_DEPLOYMENT_TARGET = 18.2;
				LOCALIZATION_PREFERS_STRING_CATALOGS = YES;
				MTL_ENABLE_DEBUG_INFO = NO;
				MTL_FAST_MATH = YES;
				SDKROOT = iphoneos;
				SWIFT_COMPILATION_MODE = wholemodule;
				VALIDATE_PRODUCT = YES;
			};
			name = Release;
		};
		C7DC68002E0818FA00F15BF6 /* Debug */ = {
			isa = XCBuildConfiguration;
			buildSettings = {
				ASSETCATALOG_COMPILER_APPICON_NAME = AppIcon;
				ASSETCATALOG_COMPILER_GLOBAL_ACCENT_COLOR_NAME = AccentColor;
				CODE_SIGN_STYLE = Automatic;
				CURRENT_PROJECT_VERSION = 1;
				DEVELOPMENT_ASSET_PATHS = "\"Rediz Application/Preview Content\"";
				ENABLE_PREVIEWS = YES;
				GENERATE_INFOPLIST_FILE = YES;
				INFOPLIST_KEY_UIApplicationSceneManifest_Generation = YES;
				INFOPLIST_KEY_UIApplicationSupportsIndirectInputEvents = YES;
				INFOPLIST_KEY_UILaunchScreen_Generation = YES;
				INFOPLIST_KEY_UISupportedInterfaceOrientations_iPad = "UIInterfaceOrientationPortrait UIInterfaceOrientationPortraitUpsideDown UIInterfaceOrientationLandscapeLeft UIInterfaceOrientationLandscapeRight";
				INFOPLIST_KEY_UISupportedInterfaceOrientations_iPhone = "UIInterfaceOrientationPortrait UIInterfaceOrientationLandscapeLeft UIInterfaceOrientationLandscapeRight";
				LD_RUNPATH_SEARCH_PATHS = (
					"$(inherited)",
					"@executable_path/Frameworks",
				);
				MARKETING_VERSION = 1.0;
				PRODUCT_BUNDLE_IDENTIFIER = "vav.Rediz-Application";
				PRODUCT_NAME = "$(TARGET_NAME)";
				SWIFT_EMIT_LOC_STRINGS = YES;
				SWIFT_VERSION = 5.0;
				TARGETED_DEVICE_FAMILY = "1,2";
			};
			name = Debug;
		};
		C7DC68012E0818FA00F15BF6 /* Release */ = {
			isa = XCBuildConfiguration;
			buildSettings = {
				ASSETCATALOG_COMPILER_APPICON_NAME = AppIcon;
				ASSETCATALOG_COMPILER_GLOBAL_ACCENT_COLOR_NAME = AccentColor;
				CODE_SIGN_STYLE = Automatic;
				CURRENT_PROJECT_VERSION = 1;
				DEVELOPMENT_ASSET_PATHS = "\"Rediz Application/Preview Content\"";
				ENABLE_PREVIEWS = YES;
				GENERATE_INFOPLIST_FILE = YES;
				INFOPLIST_KEY_UIApplicationSceneManifest_Generation = YES;
				INFOPLIST_KEY_UIApplicationSupportsIndirectInputEvents = YES;
				INFOPLIST_KEY_UILaunchScreen_Generation = YES;
				INFOPLIST_KEY_UISupportedInterfaceOrientations_iPad = "UIInterfaceOrientationPortrait UIInterfaceOrientationPortraitUpsideDown UIInterfaceOrientationLandscapeLeft UIInterfaceOrientationLandscapeRight";
				INFOPLIST_KEY_UISupportedInterfaceOrientations_iPhone = "UIInterfaceOrientationPortrait UIInterfaceOrientationLandscapeLeft UIInterfaceOrientationLandscapeRight";
				LD_RUNPATH_SEARCH_PATHS = (
					"$(inherited)",
					"@executable_path/Frameworks",
				);
				MARKETING_VERSION = 1.0;
				PRODUCT_BUNDLE_IDENTIFIER = "vav.Rediz-Application";
				PRODUCT_NAME = "$(TARGET_NAME)";
				SWIFT_EMIT_LOC_STRINGS = YES;
				SWIFT_VERSION = 5.0;
				TARGETED_DEVICE_FAMILY = "1,2";
			};
			name = Release;
		};
		C7DC68032E0818FA00F15BF6 /* Debug */ = {
			isa = XCBuildConfiguration;
			buildSettings = {
				BUNDLE_LOADER = "$(TEST_HOST)";
				CODE_SIGN_STYLE = Automatic;
				CURRENT_PROJECT_VERSION = 1;
				GENERATE_INFOPLIST_FILE = YES;
				IPHONEOS_DEPLOYMENT_TARGET = 18.2;
				MARKETING_VERSION = 1.0;
				PRODUCT_BUNDLE_IDENTIFIER = "vav.Rediz-ApplicationTests";
				PRODUCT_NAME = "$(TARGET_NAME)";
				SWIFT_EMIT_LOC_STRINGS = NO;
				SWIFT_VERSION = 5.0;
				TARGETED_DEVICE_FAMILY = "1,2";
				TEST_HOST = "$(BUILT_PRODUCTS_DIR)/Rediz Application.app/$(BUNDLE_EXECUTABLE_FOLDER_PATH)/Rediz Application";
			};
			name = Debug;
		};
		C7DC68042E0818FA00F15BF6 /* Release */ = {
			isa = XCBuildConfiguration;
			buildSettings = {
				BUNDLE_LOADER = "$(TEST_HOST)";
				CODE_SIGN_STYLE = Automatic;
				CURRENT_PROJECT_VERSION = 1;
				GENERATE_INFOPLIST_FILE = YES;
				IPHONEOS_DEPLOYMENT_TARGET = 18.2;
				MARKETING_VERSION = 1.0;
				PRODUCT_BUNDLE_IDENTIFIER = "vav.Rediz-ApplicationTests";
				PRODUCT_NAME = "$(TARGET_NAME)";
				SWIFT_EMIT_LOC_STRINGS = NO;
				SWIFT_VERSION = 5.0;
				TARGETED_DEVICE_FAMILY = "1,2";
				TEST_HOST = "$(BUILT_PRODUCTS_DIR)/Rediz Application.app/$(BUNDLE_EXECUTABLE_FOLDER_PATH)/Rediz Application";
			};
			name = Release;
		};
		C7DC68062E0818FA00F15BF6 /* Debug */ = {
			isa = XCBuildConfiguration;
			buildSettings = {
				CODE_SIGN_STYLE = Automatic;
				CURRENT_PROJECT_VERSION = 1;
				GENERATE_INFOPLIST_FILE = YES;
				MARKETING_VERSION = 1.0;
				PRODUCT_BUNDLE_IDENTIFIER = "vav.Rediz-ApplicationUITests";
				PRODUCT_NAME = "$(TARGET_NAME)";
				SWIFT_EMIT_LOC_STRINGS = NO;
				SWIFT_VERSION = 5.0;
				TARGETED_DEVICE_FAMILY = "1,2";
				TEST_TARGET_NAME = "Rediz Application";
			};
			name = Debug;
		};
		C7DC68072E0818FA00F15BF6 /* Release */ = {
			isa = XCBuildConfiguration;
			buildSettings = {
				CODE_SIGN_STYLE = Automatic;
				CURRENT_PROJECT_VERSION = 1;
				GENERATE_INFOPLIST_FILE = YES;
				MARKETING_VERSION = 1.0;
				PRODUCT_BUNDLE_IDENTIFIER = "vav.Rediz-ApplicationUITests";
				PRODUCT_NAME = "$(TARGET_NAME)";
				SWIFT_EMIT_LOC_STRINGS = NO;
				SWIFT_VERSION = 5.0;
				TARGETED_DEVICE_FAMILY = "1,2";
				TEST_TARGET_NAME = "Rediz Application";
			};
			name = Release;
		};
/* End XCBuildConfiguration section */

/* Begin XCConfigurationList section */
		C7DC67D62E0818F800F15BF6 /* Build configuration list for PBXProject "Rediz Application" */ = {
			isa = XCConfigurationList;
			buildConfigurations = (
				C7DC67FD2E0818FA00F15BF6 /* Debug */,
				C7DC67FE2E0818FA00F15BF6 /* Release */,
			);
			defaultConfigurationIsVisible = 0;
			defaultConfigurationName = Release;
		};
		C7DC67FF2E0818FA00F15BF6 /* Build configuration list for PBXNativeTarget "Rediz Application" */ = {
			isa = XCConfigurationList;
			buildConfigurations = (
				C7DC68002E0818FA00F15BF6 /* Debug */,
				C7DC68012E0818FA00F15BF6 /* Release */,
			);
			defaultConfigurationIsVisible = 0;
			defaultConfigurationName = Release;
		};
		C7DC68022E0818FA00F15BF6 /* Build configuration list for PBXNativeTarget "Rediz ApplicationTests" */ = {
			isa = XCConfigurationList;
			buildConfigurations = (
				C7DC68032E0818FA00F15BF6 /* Debug */,
				C7DC68042E0818FA00F15BF6 /* Release */,
			);
			defaultConfigurationIsVisible = 0;
			defaultConfigurationName = Release;
		};
		C7DC68052E0818FA00F15BF6 /* Build configuration list for PBXNativeTarget "Rediz ApplicationUITests" */ = {
			isa = XCConfigurationList;
			buildConfigurations = (
				C7DC68062E0818FA00F15BF6 /* Debug */,
				C7DC68072E0818FA00F15BF6 /* Release */,
			);
			defaultConfigurationIsVisible = 0;
			defaultConfigurationName = Release;
		};
/* End XCConfigurationList section */
	};
	rootObject = C7DC67D32E0818F800F15BF6 /* Project object */;
}
